
Microsoft Visual Studio Solution File, Format Version 12.00
# Visual Studio Version 16
VisualStudioVersion = 16.0.30309.148
MinimumVisualStudioVersion = 10.0.40219.1
Project("{FAE04EC0-301F-11D3-BF4B-00C04F79EFBC}") = "Skysport Breakers", "Skysport Breakers\Skysport Breakers.csproj", "{7F17D943-1FB6-4639-8D48-E4AFF46896C6}"
EndProject
Global
	GlobalSection(SolutionConfigurationPlatforms) = preSolution
		Debug|Any CPU = Debug|Any CPU
		Release|Any CPU = Release|Any CPU
	EndGlobalSection
	GlobalSection(ProjectConfigurationPlatforms) = postSolution
		{7F17D943-1FB6-4639-8D48-E4AFF46896C6}.Debug|Any CPU.ActiveCfg = Debug|Any CPU
		{7F17D943-1FB6-4639-8D48-E4AFF46896C6}.Debug|Any CPU.Build.0 = Debug|Any CPU
		{7F17D943-1FB6-4639-8D48-E4AFF46896C6}.Release|Any CPU.ActiveCfg = Release|Any CPU
		{7F17D943-1FB6-4639-8D48-E4AFF46896C6}.Release|Any CPU.Build.0 = Release|Any CPU
	EndGlobalSection
	GlobalSection(SolutionProperties) = preSolution
		HideSolutionNode = FALSE
	EndGlobalSection
	GlobalSection(ExtensibilityGlobals) = postSolution
		SolutionGuid = {012BB3EA-F43A-4C97-BC69-4776FA660DE8}
	EndGlobalSection
EndGlobal
